// !$*UTF8*$!
{
	archiveVersion = 1;
	classes = {
	};
	objectVersion = 56;
	objects = {

/* Begin PBXBuildFile section */
		AC042AE52B275B97003A0A70 /* FirebaseAnalytics in Frameworks */ = {isa = PBXBuildFile; productRef = AC042AE42B275B97003A0A70 /* FirebaseAnalytics */; };
		AC042AE72B275B97003A0A70 /* FirebaseAnalyticsOnDeviceConversion in Frameworks */ = {isa = PBXBuildFile; productRef = AC042AE62B275B97003A0A70 /* FirebaseAnalyticsOnDeviceConversion */; };
		AC042AE92B275B97003A0A70 /* FirebaseAnalyticsSwift in Frameworks */ = {isa = PBXBuildFile; productRef = AC042AE82B275B97003A0A70 /* FirebaseAnalyticsSwift */; };
		AC042AEB2B275B97003A0A70 /* FirebaseAnalyticsWithoutAdIdSupport in Frameworks */ = {isa = PBXBuildFile; productRef = AC042AEA2B275B97003A0A70 /* FirebaseAnalyticsWithoutAdIdSupport */; };
		AC042AED2B275B97003A0A70 /* FirebaseAppCheck in Frameworks */ = {isa = PBXBuildFile; productRef = AC042AEC2B275B97003A0A70 /* FirebaseAppCheck */; };
		AC042AEF2B275B97003A0A70 /* FirebaseAppDistribution-Beta in Frameworks */ = {isa = PBXBuildFile; productRef = AC042AEE2B275B97003A0A70 /* FirebaseAppDistribution-Beta */; };
		AC042AF12B275B97003A0A70 /* FirebaseAuth in Frameworks */ = {isa = PBXBuildFile; productRef = AC042AF02B275B97003A0A70 /* FirebaseAuth */; };
		AC042AF32B275B97003A0A70 /* FirebaseAuthCombine-Community in Frameworks */ = {isa = PBXBuildFile; productRef = AC042AF22B275B97003A0A70 /* FirebaseAuthCombine-Community */; };
		AC042AF52B275B97003A0A70 /* FirebaseCrashlytics in Frameworks */ = {isa = PBXBuildFile; productRef = AC042AF42B275B97003A0A70 /* FirebaseCrashlytics */; };
		AC042AF72B275B97003A0A70 /* FirebaseDatabase in Frameworks */ = {isa = PBXBuildFile; productRef = AC042AF62B275B97003A0A70 /* FirebaseDatabase */; };
		AC042AF92B275B97003A0A70 /* FirebaseDatabaseSwift in Frameworks */ = {isa = PBXBuildFile; productRef = AC042AF82B275B97003A0A70 /* FirebaseDatabaseSwift */; };
		AC042AFB2B275B97003A0A70 /* FirebaseDynamicLinks in Frameworks */ = {isa = PBXBuildFile; productRef = AC042AFA2B275B97003A0A70 /* FirebaseDynamicLinks */; };
		AC042AFD2B275B97003A0A70 /* FirebaseFirestore in Frameworks */ = {isa = PBXBuildFile; productRef = AC042AFC2B275B97003A0A70 /* FirebaseFirestore */; };
		AC042AFF2B275B97003A0A70 /* FirebaseFirestoreCombine-Community in Frameworks */ = {isa = PBXBuildFile; productRef = AC042AFE2B275B97003A0A70 /* FirebaseFirestoreCombine-Community */; };
		AC042B012B275B97003A0A70 /* FirebaseFirestoreSwift in Frameworks */ = {isa = PBXBuildFile; productRef = AC042B002B275B97003A0A70 /* FirebaseFirestoreSwift */; };
		AC042B032B275B97003A0A70 /* FirebaseFunctions in Frameworks */ = {isa = PBXBuildFile; productRef = AC042B022B275B97003A0A70 /* FirebaseFunctions */; };
		AC042B052B275B97003A0A70 /* FirebaseFunctionsCombine-Community in Frameworks */ = {isa = PBXBuildFile; productRef = AC042B042B275B97003A0A70 /* FirebaseFunctionsCombine-Community */; };
		AC042B072B275B97003A0A70 /* FirebaseInAppMessaging-Beta in Frameworks */ = {isa = PBXBuildFile; productRef = AC042B062B275B97003A0A70 /* FirebaseInAppMessaging-Beta */; };
		AC042B092B275B97003A0A70 /* FirebaseInAppMessagingSwift-Beta in Frameworks */ = {isa = PBXBuildFile; productRef = AC042B082B275B97003A0A70 /* FirebaseInAppMessagingSwift-Beta */; };
		AC042B0B2B275B97003A0A70 /* FirebaseInstallations in Frameworks */ = {isa = PBXBuildFile; productRef = AC042B0A2B275B97003A0A70 /* FirebaseInstallations */; };
		AC042B0D2B275B97003A0A70 /* FirebaseMLModelDownloader in Frameworks */ = {isa = PBXBuildFile; productRef = AC042B0C2B275B97003A0A70 /* FirebaseMLModelDownloader */; };
		AC042B0F2B275B97003A0A70 /* FirebaseMessaging in Frameworks */ = {isa = PBXBuildFile; productRef = AC042B0E2B275B97003A0A70 /* FirebaseMessaging */; };
		AC042B112B275B97003A0A70 /* FirebasePerformance in Frameworks */ = {isa = PBXBuildFile; productRef = AC042B102B275B97003A0A70 /* FirebasePerformance */; };
		AC042B132B275B97003A0A70 /* FirebaseRemoteConfig in Frameworks */ = {isa = PBXBuildFile; productRef = AC042B122B275B97003A0A70 /* FirebaseRemoteConfig */; };
		AC042B152B275B97003A0A70 /* FirebaseRemoteConfigSwift in Frameworks */ = {isa = PBXBuildFile; productRef = AC042B142B275B97003A0A70 /* FirebaseRemoteConfigSwift */; };
		AC042B172B275B97003A0A70 /* FirebaseStorage in Frameworks */ = {isa = PBXBuildFile; productRef = AC042B162B275B97003A0A70 /* FirebaseStorage */; };
		AC042B192B275B97003A0A70 /* FirebaseStorageCombine-Community in Frameworks */ = {isa = PBXBuildFile; productRef = AC042B182B275B97003A0A70 /* FirebaseStorageCombine-Community */; };
		AC042B1D2B275EA2003A0A70 /* RegistrationViewModel.swift in Sources */ = {isa = PBXBuildFile; fileRef = AC042B1C2B275EA2003A0A70 /* RegistrationViewModel.swift */; };
		AC042B1F2B2794C5003A0A70 /* AuthService.swift in Sources */ = {isa = PBXBuildFile; fileRef = AC042B1E2B2794C5003A0A70 /* AuthService.swift */; };
		AC042B232B279DBD003A0A70 /* ContentViewModel.swift in Sources */ = {isa = PBXBuildFile; fileRef = AC042B222B279DBD003A0A70 /* ContentViewModel.swift */; };
		AC042B252B27A351003A0A70 /* LoginViewModel.swift in Sources */ = {isa = PBXBuildFile; fileRef = AC042B242B27A351003A0A70 /* LoginViewModel.swift */; };
		AC3501FD2B0F938A00DA0C52 /* LoginView.swift in Sources */ = {isa = PBXBuildFile; fileRef = AC3501FC2B0F938A00DA0C52 /* LoginView.swift */; };
		AC3501FF2B0FA08100DA0C52 /* RegistrationView.swift in Sources */ = {isa = PBXBuildFile; fileRef = AC3501FE2B0FA08100DA0C52 /* RegistrationView.swift */; };
		AC3502022B0FA2CB00DA0C52 /* ThreadsTextFieldModifier.swift in Sources */ = {isa = PBXBuildFile; fileRef = AC3502012B0FA2CB00DA0C52 /* ThreadsTextFieldModifier.swift */; };
		AC3502042B0FA4F700DA0C52 /* ThreadsButtonModifier.swift in Sources */ = {isa = PBXBuildFile; fileRef = AC3502032B0FA4F700DA0C52 /* ThreadsButtonModifier.swift */; };
		AC4BD0022B0D22510070F1B8 /* ThreadsCloneApp.swift in Sources */ = {isa = PBXBuildFile; fileRef = AC4BD0012B0D22510070F1B8 /* ThreadsCloneApp.swift */; };
		AC4BD0042B0D22510070F1B8 /* ContentView.swift in Sources */ = {isa = PBXBuildFile; fileRef = AC4BD0032B0D22510070F1B8 /* ContentView.swift */; };
		AC4BD0062B0D22520070F1B8 /* Assets.xcassets in Resources */ = {isa = PBXBuildFile; fileRef = AC4BD0052B0D22520070F1B8 /* Assets.xcassets */; };
		AC4BD00A2B0D22520070F1B8 /* Preview Assets.xcassets in Resources */ = {isa = PBXBuildFile; fileRef = AC4BD0092B0D22520070F1B8 /* Preview Assets.xcassets */; };
		AC54B5422B34B13900F88D46 /* EditProfileViewModel.swift in Sources */ = {isa = PBXBuildFile; fileRef = AC54B5412B34B13900F88D46 /* EditProfileViewModel.swift */; };
		AC54B5442B34B86D00F88D46 /* ImageUploader.swift in Sources */ = {isa = PBXBuildFile; fileRef = AC54B5432B34B86D00F88D46 /* ImageUploader.swift */; };
		AC54B5472B34CA2500F88D46 /* Kingfisher in Frameworks */ = {isa = PBXBuildFile; productRef = AC54B5462B34CA2500F88D46 /* Kingfisher */; };
		ACA9AB492B2887690094D448 /* GoogleService-Info.plist in Resources */ = {isa = PBXBuildFile; fileRef = ACA9AB482B2887690094D448 /* GoogleService-Info.plist */; };
		ACA9AB4B2B28AF770094D448 /* User.swift in Sources */ = {isa = PBXBuildFile; fileRef = ACA9AB4A2B28AF770094D448 /* User.swift */; };
		ACA9AB4F2B28D9BB0094D448 /* UserService.swift in Sources */ = {isa = PBXBuildFile; fileRef = ACA9AB4E2B28D9BB0094D448 /* UserService.swift */; };
		ACA9AB522B28DAD70094D448 /* CurrentUserProfileViewModel.swift in Sources */ = {isa = PBXBuildFile; fileRef = ACA9AB512B28DAD70094D448 /* CurrentUserProfileViewModel.swift */; };
		ACB63F372B2CD37E006E415B /* ExploreViewModel.swift in Sources */ = {isa = PBXBuildFile; fileRef = ACB63F362B2CD37E006E415B /* ExploreViewModel.swift */; };
		ACB63F392B2CD99D006E415B /* PreviewProvider.swift in Sources */ = {isa = PBXBuildFile; fileRef = ACB63F382B2CD99D006E415B /* PreviewProvider.swift */; };
		ACC907872B3087850035EBEC /* CurrentUserProfileView.swift in Sources */ = {isa = PBXBuildFile; fileRef = ACC907862B3087850035EBEC /* CurrentUserProfileView.swift */; };
		ACC9078C2B308D880035EBEC /* ProfileHeaderView.swift in Sources */ = {isa = PBXBuildFile; fileRef = ACC9078B2B308D880035EBEC /* ProfileHeaderView.swift */; };
		ACC9078E2B30920F0035EBEC /* UserContentListView.swift in Sources */ = {isa = PBXBuildFile; fileRef = ACC9078D2B30920F0035EBEC /* UserContentListView.swift */; };
		ACEA93462B1FA97E004EE2E9 /* ThreadsTabView.swift in Sources */ = {isa = PBXBuildFile; fileRef = ACEA93452B1FA97E004EE2E9 /* ThreadsTabView.swift */; };
		ACEA93492B1FACC4004EE2E9 /* FeedView.swift in Sources */ = {isa = PBXBuildFile; fileRef = ACEA93482B1FACC4004EE2E9 /* FeedView.swift */; };
		ACEA934C2B1FAD04004EE2E9 /* ExploreView.swift in Sources */ = {isa = PBXBuildFile; fileRef = ACEA934B2B1FAD04004EE2E9 /* ExploreView.swift */; };
		ACEA934F2B1FAD4D004EE2E9 /* CreateThreadView.swift in Sources */ = {isa = PBXBuildFile; fileRef = ACEA934E2B1FAD4D004EE2E9 /* CreateThreadView.swift */; };
		ACEA93522B1FAD96004EE2E9 /* ActivityView.swift in Sources */ = {isa = PBXBuildFile; fileRef = ACEA93512B1FAD96004EE2E9 /* ActivityView.swift */; };
		ACEA93552B1FADC3004EE2E9 /* ProfileView.swift in Sources */ = {isa = PBXBuildFile; fileRef = ACEA93542B1FADC3004EE2E9 /* ProfileView.swift */; };
		ACEA935C2B1FAF76004EE2E9 /* ThreadCell.swift in Sources */ = {isa = PBXBuildFile; fileRef = ACEA935B2B1FAF76004EE2E9 /* ThreadCell.swift */; };
		ACEA935F2B1FBB81004EE2E9 /* CircularProfileImageView.swift in Sources */ = {isa = PBXBuildFile; fileRef = ACEA935E2B1FBB81004EE2E9 /* CircularProfileImageView.swift */; };
		ACEA93612B1FBC29004EE2E9 /* UserCell.swift in Sources */ = {isa = PBXBuildFile; fileRef = ACEA93602B1FBC29004EE2E9 /* UserCell.swift */; };
		ACEA93662B1FBFBC004EE2E9 /* ProfileThreadFilter.swift in Sources */ = {isa = PBXBuildFile; fileRef = ACEA93652B1FBFBC004EE2E9 /* ProfileThreadFilter.swift */; };
		ACF077742B235F7B00A3BFDE /* EditProfileView.swift in Sources */ = {isa = PBXBuildFile; fileRef = ACF077732B235F7B00A3BFDE /* EditProfileView.swift */; };
/* End PBXBuildFile section */

/* Begin PBXFileReference section */
		AC042B1C2B275EA2003A0A70 /* RegistrationViewModel.swift */ = {isa = PBXFileReference; lastKnownFileType = sourcecode.swift; path = RegistrationViewModel.swift; sourceTree = "<group>"; };
		AC042B1E2B2794C5003A0A70 /* AuthService.swift */ = {isa = PBXFileReference; lastKnownFileType = sourcecode.swift; path = AuthService.swift; sourceTree = "<group>"; };
		AC042B222B279DBD003A0A70 /* ContentViewModel.swift */ = {isa = PBXFileReference; lastKnownFileType = sourcecode.swift; path = ContentViewModel.swift; sourceTree = "<group>"; };
		AC042B242B27A351003A0A70 /* LoginViewModel.swift */ = {isa = PBXFileReference; lastKnownFileType = sourcecode.swift; path = LoginViewModel.swift; sourceTree = "<group>"; };
		AC3501FC2B0F938A00DA0C52 /* LoginView.swift */ = {isa = PBXFileReference; lastKnownFileType = sourcecode.swift; path = LoginView.swift; sourceTree = "<group>"; };
		AC3501FE2B0FA08100DA0C52 /* RegistrationView.swift */ = {isa = PBXFileReference; lastKnownFileType = sourcecode.swift; path = RegistrationView.swift; sourceTree = "<group>"; };
		AC3502012B0FA2CB00DA0C52 /* ThreadsTextFieldModifier.swift */ = {isa = PBXFileReference; lastKnownFileType = sourcecode.swift; path = ThreadsTextFieldModifier.swift; sourceTree = "<group>"; };
		AC3502032B0FA4F700DA0C52 /* ThreadsButtonModifier.swift */ = {isa = PBXFileReference; lastKnownFileType = sourcecode.swift; path = ThreadsButtonModifier.swift; sourceTree = "<group>"; };
		AC4BCFFE2B0D22510070F1B8 /* ThreadsClone.app */ = {isa = PBXFileReference; explicitFileType = wrapper.application; includeInIndex = 0; path = ThreadsClone.app; sourceTree = BUILT_PRODUCTS_DIR; };
		AC4BD0012B0D22510070F1B8 /* ThreadsCloneApp.swift */ = {isa = PBXFileReference; lastKnownFileType = sourcecode.swift; path = ThreadsCloneApp.swift; sourceTree = "<group>"; };
		AC4BD0032B0D22510070F1B8 /* ContentView.swift */ = {isa = PBXFileReference; lastKnownFileType = sourcecode.swift; path = ContentView.swift; sourceTree = "<group>"; };
		AC4BD0052B0D22520070F1B8 /* Assets.xcassets */ = {isa = PBXFileReference; lastKnownFileType = folder.assetcatalog; path = Assets.xcassets; sourceTree = "<group>"; };
		AC4BD0072B0D22520070F1B8 /* ThreadsClone.entitlements */ = {isa = PBXFileReference; lastKnownFileType = text.plist.entitlements; path = ThreadsClone.entitlements; sourceTree = "<group>"; };
		AC4BD0092B0D22520070F1B8 /* Preview Assets.xcassets */ = {isa = PBXFileReference; lastKnownFileType = folder.assetcatalog; path = "Preview Assets.xcassets"; sourceTree = "<group>"; };
		AC54B5412B34B13900F88D46 /* EditProfileViewModel.swift */ = {isa = PBXFileReference; lastKnownFileType = sourcecode.swift; path = EditProfileViewModel.swift; sourceTree = "<group>"; };
		AC54B5432B34B86D00F88D46 /* ImageUploader.swift */ = {isa = PBXFileReference; lastKnownFileType = sourcecode.swift; path = ImageUploader.swift; sourceTree = "<group>"; };
		ACA9AB482B2887690094D448 /* GoogleService-Info.plist */ = {isa = PBXFileReference; fileEncoding = 4; lastKnownFileType = text.plist.xml; path = "GoogleService-Info.plist"; sourceTree = "<group>"; };
		ACA9AB4A2B28AF770094D448 /* User.swift */ = {isa = PBXFileReference; lastKnownFileType = sourcecode.swift; path = User.swift; sourceTree = "<group>"; };
		ACA9AB4E2B28D9BB0094D448 /* UserService.swift */ = {isa = PBXFileReference; lastKnownFileType = sourcecode.swift; path = UserService.swift; sourceTree = "<group>"; };
		ACA9AB512B28DAD70094D448 /* CurrentUserProfileViewModel.swift */ = {isa = PBXFileReference; lastKnownFileType = sourcecode.swift; path = CurrentUserProfileViewModel.swift; sourceTree = "<group>"; };
		ACB63F362B2CD37E006E415B /* ExploreViewModel.swift */ = {isa = PBXFileReference; lastKnownFileType = sourcecode.swift; path = ExploreViewModel.swift; sourceTree = "<group>"; };
		ACB63F382B2CD99D006E415B /* PreviewProvider.swift */ = {isa = PBXFileReference; lastKnownFileType = sourcecode.swift; path = PreviewProvider.swift; sourceTree = "<group>"; };
		ACC907862B3087850035EBEC /* CurrentUserProfileView.swift */ = {isa = PBXFileReference; lastKnownFileType = sourcecode.swift; path = CurrentUserProfileView.swift; sourceTree = "<group>"; };
		ACC9078B2B308D880035EBEC /* ProfileHeaderView.swift */ = {isa = PBXFileReference; lastKnownFileType = sourcecode.swift; path = ProfileHeaderView.swift; sourceTree = "<group>"; };
		ACC9078D2B30920F0035EBEC /* UserContentListView.swift */ = {isa = PBXFileReference; lastKnownFileType = sourcecode.swift; path = UserContentListView.swift; sourceTree = "<group>"; };
		ACEA93452B1FA97E004EE2E9 /* ThreadsTabView.swift */ = {isa = PBXFileReference; lastKnownFileType = sourcecode.swift; path = ThreadsTabView.swift; sourceTree = "<group>"; };
		ACEA93482B1FACC4004EE2E9 /* FeedView.swift */ = {isa = PBXFileReference; lastKnownFileType = sourcecode.swift; path = FeedView.swift; sourceTree = "<group>"; };
		ACEA934B2B1FAD04004EE2E9 /* ExploreView.swift */ = {isa = PBXFileReference; lastKnownFileType = sourcecode.swift; path = ExploreView.swift; sourceTree = "<group>"; };
		ACEA934E2B1FAD4D004EE2E9 /* CreateThreadView.swift */ = {isa = PBXFileReference; lastKnownFileType = sourcecode.swift; path = CreateThreadView.swift; sourceTree = "<group>"; };
		ACEA93512B1FAD96004EE2E9 /* ActivityView.swift */ = {isa = PBXFileReference; lastKnownFileType = sourcecode.swift; path = ActivityView.swift; sourceTree = "<group>"; };
		ACEA93542B1FADC3004EE2E9 /* ProfileView.swift */ = {isa = PBXFileReference; lastKnownFileType = sourcecode.swift; path = ProfileView.swift; sourceTree = "<group>"; };
		ACEA935B2B1FAF76004EE2E9 /* ThreadCell.swift */ = {isa = PBXFileReference; lastKnownFileType = sourcecode.swift; path = ThreadCell.swift; sourceTree = "<group>"; };
		ACEA935E2B1FBB81004EE2E9 /* CircularProfileImageView.swift */ = {isa = PBXFileReference; lastKnownFileType = sourcecode.swift; path = CircularProfileImageView.swift; sourceTree = "<group>"; };
		ACEA93602B1FBC29004EE2E9 /* UserCell.swift */ = {isa = PBXFileReference; lastKnownFileType = sourcecode.swift; path = UserCell.swift; sourceTree = "<group>"; };
		ACEA93652B1FBFBC004EE2E9 /* ProfileThreadFilter.swift */ = {isa = PBXFileReference; lastKnownFileType = sourcecode.swift; path = ProfileThreadFilter.swift; sourceTree = "<group>"; };
		ACF077732B235F7B00A3BFDE /* EditProfileView.swift */ = {isa = PBXFileReference; lastKnownFileType = sourcecode.swift; path = EditProfileView.swift; sourceTree = "<group>"; };
/* End PBXFileReference section */

/* Begin PBXFrameworksBuildPhase section */
		AC4BCFFB2B0D22510070F1B8 /* Frameworks */ = {
			isa = PBXFrameworksBuildPhase;
			buildActionMask = 2147483647;
			files = (
				AC042AF72B275B97003A0A70 /* FirebaseDatabase in Frameworks */,
				AC042B052B275B97003A0A70 /* FirebaseFunctionsCombine-Community in Frameworks */,
				AC042AFD2B275B97003A0A70 /* FirebaseFirestore in Frameworks */,
				AC042AE92B275B97003A0A70 /* FirebaseAnalyticsSwift in Frameworks */,
				AC042AE52B275B97003A0A70 /* FirebaseAnalytics in Frameworks */,
				AC042AE72B275B97003A0A70 /* FirebaseAnalyticsOnDeviceConversion in Frameworks */,
				AC042B0D2B275B97003A0A70 /* FirebaseMLModelDownloader in Frameworks */,
				AC042B012B275B97003A0A70 /* FirebaseFirestoreSwift in Frameworks */,
				AC042AED2B275B97003A0A70 /* FirebaseAppCheck in Frameworks */,
				AC042AEB2B275B97003A0A70 /* FirebaseAnalyticsWithoutAdIdSupport in Frameworks */,
				AC042AF12B275B97003A0A70 /* FirebaseAuth in Frameworks */,
				AC042AF52B275B97003A0A70 /* FirebaseCrashlytics in Frameworks */,
				AC042B152B275B97003A0A70 /* FirebaseRemoteConfigSwift in Frameworks */,
				AC042B072B275B97003A0A70 /* FirebaseInAppMessaging-Beta in Frameworks */,
				AC042AF92B275B97003A0A70 /* FirebaseDatabaseSwift in Frameworks */,
				AC042B032B275B97003A0A70 /* FirebaseFunctions in Frameworks */,
				AC54B5472B34CA2500F88D46 /* Kingfisher in Frameworks */,
				AC042B192B275B97003A0A70 /* FirebaseStorageCombine-Community in Frameworks */,
				AC042B132B275B97003A0A70 /* FirebaseRemoteConfig in Frameworks */,
				AC042AEF2B275B97003A0A70 /* FirebaseAppDistribution-Beta in Frameworks */,
				AC042AF32B275B97003A0A70 /* FirebaseAuthCombine-Community in Frameworks */,
				AC042B112B275B97003A0A70 /* FirebasePerformance in Frameworks */,
				AC042B092B275B97003A0A70 /* FirebaseInAppMessagingSwift-Beta in Frameworks */,
				AC042B172B275B97003A0A70 /* FirebaseStorage in Frameworks */,
				AC042AFB2B275B97003A0A70 /* FirebaseDynamicLinks in Frameworks */,
				AC042AFF2B275B97003A0A70 /* FirebaseFirestoreCombine-Community in Frameworks */,
				AC042B0F2B275B97003A0A70 /* FirebaseMessaging in Frameworks */,
				AC042B0B2B275B97003A0A70 /* FirebaseInstallations in Frameworks */,
			);
			runOnlyForDeploymentPostprocessing = 0;
		};
/* End PBXFrameworksBuildPhase section */

/* Begin PBXGroup section */
		AC042B1A2B275E7B003A0A70 /* ViewModel  */ = {
			isa = PBXGroup;
			children = (
				AC042B1C2B275EA2003A0A70 /* RegistrationViewModel.swift */,
				AC042B242B27A351003A0A70 /* LoginViewModel.swift */,
			);
			path = "ViewModel ";
			sourceTree = "<group>";
		};
		AC042B1B2B275E88003A0A70 /* Service */ = {
			isa = PBXGroup;
			children = (
				AC042B1E2B2794C5003A0A70 /* AuthService.swift */,
			);
			path = Service;
			sourceTree = "<group>";
		};
		AC042B202B279DA0003A0A70 /* View */ = {
			isa = PBXGroup;
			children = (
				AC4BD0032B0D22510070F1B8 /* ContentView.swift */,
			);
			path = View;
			sourceTree = "<group>";
		};
		AC042B212B279DA6003A0A70 /* ViewModel */ = {
			isa = PBXGroup;
			children = (
				AC042B222B279DBD003A0A70 /* ContentViewModel.swift */,
			);
			path = ViewModel;
			sourceTree = "<group>";
		};
		AC3501F32B0F92F800DA0C52 /* Utils */ = {
			isa = PBXGroup;
			children = (
				AC3502002B0FA29A00DA0C52 /* ViewModifiers */,
			);
			path = Utils;
			sourceTree = "<group>";
		};
		AC3501F42B0F930300DA0C52 /* Services */ = {
			isa = PBXGroup;
			children = (
				ACA9AB4E2B28D9BB0094D448 /* UserService.swift */,
				AC54B5432B34B86D00F88D46 /* ImageUploader.swift */,
			);
			path = Services;
			sourceTree = "<group>";
		};
		AC3501F52B0F930600DA0C52 /* Models */ = {
			isa = PBXGroup;
			children = (
				ACA9AB4A2B28AF770094D448 /* User.swift */,
			);
			path = Models;
			sourceTree = "<group>";
		};
		AC3501F62B0F930C00DA0C52 /* Extensions */ = {
			isa = PBXGroup;
			children = (
				ACB63F382B2CD99D006E415B /* PreviewProvider.swift */,
			);
			path = Extensions;
			sourceTree = "<group>";
		};
		AC3501F72B0F930E00DA0C52 /* Core */ = {
			isa = PBXGroup;
			children = (
				ACEA93502B1FAD88004EE2E9 /* Activity */,
				AC3501F92B0F936000DA0C52 /* Authentication */,
				ACEA935D2B1FBB68004EE2E9 /* Components */,
				ACEA934A2B1FACF3004EE2E9 /* Explore */,
				ACEA93472B1FACB6004EE2E9 /* Feed */,
				ACEA93532B1FADB3004EE2E9 /* Profile  */,
				AC3501FA2B0F936F00DA0C52 /* Root */,
				ACEA93442B1FA963004EE2E9 /* Tabbar */,
				ACEA934D2B1FAD42004EE2E9 /* ThreadCreation */,
			);
			path = Core;
			sourceTree = "<group>";
		};
		AC3501F82B0F931000DA0C52 /* App */ = {
			isa = PBXGroup;
			children = (
				AC4BD0012B0D22510070F1B8 /* ThreadsCloneApp.swift */,
			);
			path = App;
			sourceTree = "<group>";
		};
		AC3501F92B0F936000DA0C52 /* Authentication */ = {
			isa = PBXGroup;
			children = (
				AC042B1B2B275E88003A0A70 /* Service */,
				AC3501FB2B0F937C00DA0C52 /* Views */,
				AC042B1A2B275E7B003A0A70 /* ViewModel  */,
			);
			path = Authentication;
			sourceTree = "<group>";
		};
		AC3501FA2B0F936F00DA0C52 /* Root */ = {
			isa = PBXGroup;
			children = (
				AC042B212B279DA6003A0A70 /* ViewModel */,
				AC042B202B279DA0003A0A70 /* View */,
			);
			path = Root;
			sourceTree = "<group>";
		};
		AC3501FB2B0F937C00DA0C52 /* Views */ = {
			isa = PBXGroup;
			children = (
				AC3501FC2B0F938A00DA0C52 /* LoginView.swift */,
				AC3501FE2B0FA08100DA0C52 /* RegistrationView.swift */,
			);
			path = Views;
			sourceTree = "<group>";
		};
		AC3502002B0FA29A00DA0C52 /* ViewModifiers */ = {
			isa = PBXGroup;
			children = (
				AC3502012B0FA2CB00DA0C52 /* ThreadsTextFieldModifier.swift */,
				AC3502032B0FA4F700DA0C52 /* ThreadsButtonModifier.swift */,
			);
			path = ViewModifiers;
			sourceTree = "<group>";
		};
		AC4BCFF52B0D22510070F1B8 = {
			isa = PBXGroup;
			children = (
				AC4BD0002B0D22510070F1B8 /* ThreadsClone */,
				AC4BCFFF2B0D22510070F1B8 /* Products */,
			);
			sourceTree = "<group>";
		};
		AC4BCFFF2B0D22510070F1B8 /* Products */ = {
			isa = PBXGroup;
			children = (
				AC4BCFFE2B0D22510070F1B8 /* ThreadsClone.app */,
			);
			name = Products;
			sourceTree = "<group>";
		};
		AC4BD0002B0D22510070F1B8 /* ThreadsClone */ = {
			isa = PBXGroup;
			children = (
				AC3501F82B0F931000DA0C52 /* App */,
				AC3501F72B0F930E00DA0C52 /* Core */,
				AC3501F62B0F930C00DA0C52 /* Extensions */,
				AC3501F52B0F930600DA0C52 /* Models */,
				AC3501F42B0F930300DA0C52 /* Services */,
				AC3501F32B0F92F800DA0C52 /* Utils */,
				AC4BD0052B0D22520070F1B8 /* Assets.xcassets */,
				ACA9AB482B2887690094D448 /* GoogleService-Info.plist */,
				AC4BD0072B0D22520070F1B8 /* ThreadsClone.entitlements */,
				AC4BD0082B0D22520070F1B8 /* Preview Content */,
			);
			path = ThreadsClone;
			sourceTree = "<group>";
		};
		AC4BD0082B0D22520070F1B8 /* Preview Content */ = {
			isa = PBXGroup;
			children = (
				AC4BD0092B0D22520070F1B8 /* Preview Assets.xcassets */,
			);
			path = "Preview Content";
			sourceTree = "<group>";
		};
		AC54B53F2B34ACBF00F88D46 /* View */ = {
			isa = PBXGroup;
			children = (
				ACF077732B235F7B00A3BFDE /* EditProfileView.swift */,
			);
			path = View;
			sourceTree = "<group>";
		};
		AC54B5402B34B12400F88D46 /* VieModel */ = {
			isa = PBXGroup;
			children = (
				AC54B5412B34B13900F88D46 /* EditProfileViewModel.swift */,
			);
			path = VieModel;
			sourceTree = "<group>";
		};
		AC635B9E2B2CD26D004FE658 /* ViewModel */ = {
			isa = PBXGroup;
			children = (
				ACB63F362B2CD37E006E415B /* ExploreViewModel.swift */,
			);
			path = ViewModel;
			sourceTree = "<group>";
		};
		ACC907832B3087070035EBEC /* CurrentUserProfile */ = {
			isa = PBXGroup;
			children = (
				ACC907882B3087D70035EBEC /* View */,
				ACC907892B3087EA0035EBEC /* ViewModel */,
			);
			path = CurrentUserProfile;
			sourceTree = "<group>";
		};
		ACC907882B3087D70035EBEC /* View */ = {
			isa = PBXGroup;
			children = (
				ACC907862B3087850035EBEC /* CurrentUserProfileView.swift */,
			);
			path = View;
			sourceTree = "<group>";
		};
		ACC907892B3087EA0035EBEC /* ViewModel */ = {
			isa = PBXGroup;
			children = (
				ACA9AB512B28DAD70094D448 /* CurrentUserProfileViewModel.swift */,
			);
			path = ViewModel;
			sourceTree = "<group>";
		};
		ACC9078A2B308D720035EBEC /* Components */ = {
			isa = PBXGroup;
			children = (
				ACC9078B2B308D880035EBEC /* ProfileHeaderView.swift */,
				ACC9078D2B30920F0035EBEC /* UserContentListView.swift */,
			);
			path = Components;
			sourceTree = "<group>";
		};
		ACEA93442B1FA963004EE2E9 /* Tabbar */ = {
			isa = PBXGroup;
			children = (
				ACEA93452B1FA97E004EE2E9 /* ThreadsTabView.swift */,
			);
			path = Tabbar;
			sourceTree = "<group>";
		};
		ACEA93472B1FACB6004EE2E9 /* Feed */ = {
			isa = PBXGroup;
			children = (
				ACEA93562B1FAF27004EE2E9 /* View */,
			);
			path = Feed;
			sourceTree = "<group>";
		};
		ACEA934A2B1FACF3004EE2E9 /* Explore */ = {
			isa = PBXGroup;
			children = (
				AC635B9E2B2CD26D004FE658 /* ViewModel */,
				ACEA93572B1FAF41004EE2E9 /* View */,
			);
			path = Explore;
			sourceTree = "<group>";
		};
		ACEA934D2B1FAD42004EE2E9 /* ThreadCreation */ = {
			isa = PBXGroup;
			children = (
				ACEA93582B1FAF4C004EE2E9 /* View */,
			);
			path = ThreadCreation;
			sourceTree = "<group>";
		};
		ACEA93502B1FAD88004EE2E9 /* Activity */ = {
			isa = PBXGroup;
			children = (
				ACEA93592B1FAF52004EE2E9 /* View */,
			);
			path = Activity;
			sourceTree = "<group>";
		};
		ACEA93532B1FADB3004EE2E9 /* Profile  */ = {
			isa = PBXGroup;
			children = (
				ACC9078A2B308D720035EBEC /* Components */,
				ACC907832B3087070035EBEC /* CurrentUserProfile */,
				ACF077722B235F6500A3BFDE /* EditProfile */,
				ACEA93622B1FBF89004EE2E9 /* Model */,
				ACEA935A2B1FAF58004EE2E9 /* UserProfile */,
			);
			path = "Profile ";
			sourceTree = "<group>";
		};
		ACEA93562B1FAF27004EE2E9 /* View */ = {
			isa = PBXGroup;
			children = (
				ACEA93482B1FACC4004EE2E9 /* FeedView.swift */,
				ACEA935B2B1FAF76004EE2E9 /* ThreadCell.swift */,
			);
			path = View;
			sourceTree = "<group>";
		};
		ACEA93572B1FAF41004EE2E9 /* View */ = {
			isa = PBXGroup;
			children = (
				ACEA934B2B1FAD04004EE2E9 /* ExploreView.swift */,
			);
			path = View;
			sourceTree = "<group>";
		};
		ACEA93582B1FAF4C004EE2E9 /* View */ = {
			isa = PBXGroup;
			children = (
				ACEA934E2B1FAD4D004EE2E9 /* CreateThreadView.swift */,
			);
			path = View;
			sourceTree = "<group>";
		};
		ACEA93592B1FAF52004EE2E9 /* View */ = {
			isa = PBXGroup;
			children = (
				ACEA93512B1FAD96004EE2E9 /* ActivityView.swift */,
			);
			path = View;
			sourceTree = "<group>";
		};
		ACEA935A2B1FAF58004EE2E9 /* UserProfile */ = {
			isa = PBXGroup;
			children = (
				ACEA93542B1FADC3004EE2E9 /* ProfileView.swift */,
				ACEA93652B1FBFBC004EE2E9 /* ProfileThreadFilter.swift */,
			);
			path = UserProfile;
			sourceTree = "<group>";
		};
		ACEA935D2B1FBB68004EE2E9 /* Components */ = {
			isa = PBXGroup;
			children = (
				ACEA935E2B1FBB81004EE2E9 /* CircularProfileImageView.swift */,
				ACEA93602B1FBC29004EE2E9 /* UserCell.swift */,
			);
			path = Components;
			sourceTree = "<group>";
		};
		ACEA93622B1FBF89004EE2E9 /* Model */ = {
			isa = PBXGroup;
			children = (
			);
			path = Model;
			sourceTree = "<group>";
		};
		ACF077722B235F6500A3BFDE /* EditProfile */ = {
			isa = PBXGroup;
			children = (
				AC54B53F2B34ACBF00F88D46 /* View */,
				AC54B5402B34B12400F88D46 /* VieModel */,
			);
			path = EditProfile;
			sourceTree = "<group>";
		};
/* End PBXGroup section */

/* Begin PBXNativeTarget section */
		AC4BCFFD2B0D22510070F1B8 /* ThreadsClone */ = {
			isa = PBXNativeTarget;
			buildConfigurationList = AC4BD00D2B0D22520070F1B8 /* Build configuration list for PBXNativeTarget "ThreadsClone" */;
			buildPhases = (
				AC4BCFFA2B0D22510070F1B8 /* Sources */,
				AC4BCFFB2B0D22510070F1B8 /* Frameworks */,
				AC4BCFFC2B0D22510070F1B8 /* Resources */,
			);
			buildRules = (
			);
			dependencies = (
			);
			name = ThreadsClone;
			packageProductDependencies = (
				AC042AE42B275B97003A0A70 /* FirebaseAnalytics */,
				AC042AE62B275B97003A0A70 /* FirebaseAnalyticsOnDeviceConversion */,
				AC042AE82B275B97003A0A70 /* FirebaseAnalyticsSwift */,
				AC042AEA2B275B97003A0A70 /* FirebaseAnalyticsWithoutAdIdSupport */,
				AC042AEC2B275B97003A0A70 /* FirebaseAppCheck */,
				AC042AEE2B275B97003A0A70 /* FirebaseAppDistribution-Beta */,
				AC042AF02B275B97003A0A70 /* FirebaseAuth */,
				AC042AF22B275B97003A0A70 /* FirebaseAuthCombine-Community */,
				AC042AF42B275B97003A0A70 /* FirebaseCrashlytics */,
				AC042AF62B275B97003A0A70 /* FirebaseDatabase */,
				AC042AF82B275B97003A0A70 /* FirebaseDatabaseSwift */,
				AC042AFA2B275B97003A0A70 /* FirebaseDynamicLinks */,
				AC042AFC2B275B97003A0A70 /* FirebaseFirestore */,
				AC042AFE2B275B97003A0A70 /* FirebaseFirestoreCombine-Community */,
				AC042B002B275B97003A0A70 /* FirebaseFirestoreSwift */,
				AC042B022B275B97003A0A70 /* FirebaseFunctions */,
				AC042B042B275B97003A0A70 /* FirebaseFunctionsCombine-Community */,
				AC042B062B275B97003A0A70 /* FirebaseInAppMessaging-Beta */,
				AC042B082B275B97003A0A70 /* FirebaseInAppMessagingSwift-Beta */,
				AC042B0A2B275B97003A0A70 /* FirebaseInstallations */,
				AC042B0C2B275B97003A0A70 /* FirebaseMLModelDownloader */,
				AC042B0E2B275B97003A0A70 /* FirebaseMessaging */,
				AC042B102B275B97003A0A70 /* FirebasePerformance */,
				AC042B122B275B97003A0A70 /* FirebaseRemoteConfig */,
				AC042B142B275B97003A0A70 /* FirebaseRemoteConfigSwift */,
				AC042B162B275B97003A0A70 /* FirebaseStorage */,
				AC042B182B275B97003A0A70 /* FirebaseStorageCombine-Community */,
				AC54B5462B34CA2500F88D46 /* Kingfisher */,
			);
			productName = ThreadsClone;
			productReference = AC4BCFFE2B0D22510070F1B8 /* ThreadsClone.app */;
			productType = "com.apple.product-type.application";
		};
/* End PBXNativeTarget section */

/* Begin PBXProject section */
		AC4BCFF62B0D22510070F1B8 /* Project object */ = {
			isa = PBXProject;
			attributes = {
				BuildIndependentTargetsInParallel = 1;
				LastSwiftUpdateCheck = 1500;
				LastUpgradeCheck = 1500;
				TargetAttributes = {
					AC4BCFFD2B0D22510070F1B8 = {
						CreatedOnToolsVersion = 15.0.1;
					};
				};
			};
			buildConfigurationList = AC4BCFF92B0D22510070F1B8 /* Build configuration list for PBXProject "ThreadsClone" */;
			compatibilityVersion = "Xcode 14.0";
			developmentRegion = en;
			hasScannedForEncodings = 0;
			knownRegions = (
				en,
				Base,
			);
			mainGroup = AC4BCFF52B0D22510070F1B8;
			packageReferences = (
				AC042AE32B275B97003A0A70 /* XCRemoteSwiftPackageReference "firebase-ios-sdk" */,
				AC54B5452B34CA2500F88D46 /* XCRemoteSwiftPackageReference "Kingfisher" */,
			);
			productRefGroup = AC4BCFFF2B0D22510070F1B8 /* Products */;
			projectDirPath = "";
			projectRoot = "";
			targets = (
				AC4BCFFD2B0D22510070F1B8 /* ThreadsClone */,
			);
		};
/* End PBXProject section */

/* Begin PBXResourcesBuildPhase section */
		AC4BCFFC2B0D22510070F1B8 /* Resources */ = {
			isa = PBXResourcesBuildPhase;
			buildActionMask = 2147483647;
			files = (
				AC4BD00A2B0D22520070F1B8 /* Preview Assets.xcassets in Resources */,
				AC4BD0062B0D22520070F1B8 /* Assets.xcassets in Resources */,
				ACA9AB492B2887690094D448 /* GoogleService-Info.plist in Resources */,
			);
			runOnlyForDeploymentPostprocessing = 0;
		};
/* End PBXResourcesBuildPhase section */

/* Begin PBXSourcesBuildPhase section */
		AC4BCFFA2B0D22510070F1B8 /* Sources */ = {
			isa = PBXSourcesBuildPhase;
			buildActionMask = 2147483647;
			files = (
				ACEA93522B1FAD96004EE2E9 /* ActivityView.swift in Sources */,
				AC042B1D2B275EA2003A0A70 /* RegistrationViewModel.swift in Sources */,
				ACF077742B235F7B00A3BFDE /* EditProfileView.swift in Sources */,
				ACA9AB522B28DAD70094D448 /* CurrentUserProfileViewModel.swift in Sources */,
				ACEA93492B1FACC4004EE2E9 /* FeedView.swift in Sources */,
				AC042B232B279DBD003A0A70 /* ContentViewModel.swift in Sources */,
				AC54B5442B34B86D00F88D46 /* ImageUploader.swift in Sources */,
				ACEA934C2B1FAD04004EE2E9 /* ExploreView.swift in Sources */,
				ACEA93662B1FBFBC004EE2E9 /* ProfileThreadFilter.swift in Sources */,
				ACC907872B3087850035EBEC /* CurrentUserProfileView.swift in Sources */,
				ACA9AB4F2B28D9BB0094D448 /* UserService.swift in Sources */,
				AC3502042B0FA4F700DA0C52 /* ThreadsButtonModifier.swift in Sources */,
				ACC9078C2B308D880035EBEC /* ProfileHeaderView.swift in Sources */,
				AC54B5422B34B13900F88D46 /* EditProfileViewModel.swift in Sources */,
				ACEA93552B1FADC3004EE2E9 /* ProfileView.swift in Sources */,
				ACEA93462B1FA97E004EE2E9 /* ThreadsTabView.swift in Sources */,
				ACA9AB4B2B28AF770094D448 /* User.swift in Sources */,
				AC3501FD2B0F938A00DA0C52 /* LoginView.swift in Sources */,
				AC042B1F2B2794C5003A0A70 /* AuthService.swift in Sources */,
				ACEA935F2B1FBB81004EE2E9 /* CircularProfileImageView.swift in Sources */,
				ACEA93612B1FBC29004EE2E9 /* UserCell.swift in Sources */,
				AC4BD0042B0D22510070F1B8 /* ContentView.swift in Sources */,
				ACC9078E2B30920F0035EBEC /* UserContentListView.swift in Sources */,
				ACEA935C2B1FAF76004EE2E9 /* ThreadCell.swift in Sources */,
				ACEA934F2B1FAD4D004EE2E9 /* CreateThreadView.swift in Sources */,
				AC3502022B0FA2CB00DA0C52 /* ThreadsTextFieldModifier.swift in Sources */,
				ACB63F372B2CD37E006E415B /* ExploreViewModel.swift in Sources */,
				AC4BD0022B0D22510070F1B8 /* ThreadsCloneApp.swift in Sources */,
				AC3501FF2B0FA08100DA0C52 /* RegistrationView.swift in Sources */,
				AC042B252B27A351003A0A70 /* LoginViewModel.swift in Sources */,
				ACB63F392B2CD99D006E415B /* PreviewProvider.swift in Sources */,
			);
			runOnlyForDeploymentPostprocessing = 0;
		};
/* End PBXSourcesBuildPhase section */

/* Begin XCBuildConfiguration section */
		AC4BD00B2B0D22520070F1B8 /* Debug */ = {
			isa = XCBuildConfiguration;
			buildSettings = {
				ALWAYS_SEARCH_USER_PATHS = NO;
				ASSETCATALOG_COMPILER_GENERATE_SWIFT_ASSET_SYMBOL_EXTENSIONS = YES;
				CLANG_ANALYZER_NONNULL = YES;
				CLANG_ANALYZER_NUMBER_OBJECT_CONVERSION = YES_AGGRESSIVE;
				CLANG_CXX_LANGUAGE_STANDARD = "gnu++20";
				CLANG_ENABLE_MODULES = YES;
				CLANG_ENABLE_OBJC_ARC = YES;
				CLANG_ENABLE_OBJC_WEAK = YES;
				CLANG_WARN_BLOCK_CAPTURE_AUTORELEASING = YES;
				CLANG_WARN_BOOL_CONVERSION = YES;
				CLANG_WARN_COMMA = YES;
				CLANG_WARN_CONSTANT_CONVERSION = YES;
				CLANG_WARN_DEPRECATED_OBJC_IMPLEMENTATIONS = YES;
				CLANG_WARN_DIRECT_OBJC_ISA_USAGE = YES_ERROR;
				CLANG_WARN_DOCUMENTATION_COMMENTS = YES;
				CLANG_WARN_EMPTY_BODY = YES;
				CLANG_WARN_ENUM_CONVERSION = YES;
				CLANG_WARN_INFINITE_RECURSION = YES;
				CLANG_WARN_INT_CONVERSION = YES;
				CLANG_WARN_NON_LITERAL_NULL_CONVERSION = YES;
				CLANG_WARN_OBJC_IMPLICIT_RETAIN_SELF = YES;
				CLANG_WARN_OBJC_LITERAL_CONVERSION = YES;
				CLANG_WARN_OBJC_ROOT_CLASS = YES_ERROR;
				CLANG_WARN_QUOTED_INCLUDE_IN_FRAMEWORK_HEADER = YES;
				CLANG_WARN_RANGE_LOOP_ANALYSIS = YES;
				CLANG_WARN_STRICT_PROTOTYPES = YES;
				CLANG_WARN_SUSPICIOUS_MOVE = YES;
				CLANG_WARN_UNGUARDED_AVAILABILITY = YES_AGGRESSIVE;
				CLANG_WARN_UNREACHABLE_CODE = YES;
				CLANG_WARN__DUPLICATE_METHOD_MATCH = YES;
				COPY_PHASE_STRIP = NO;
				DEBUG_INFORMATION_FORMAT = dwarf;
				ENABLE_STRICT_OBJC_MSGSEND = YES;
				ENABLE_TESTABILITY = YES;
				ENABLE_USER_SCRIPT_SANDBOXING = YES;
				GCC_C_LANGUAGE_STANDARD = gnu17;
				GCC_DYNAMIC_NO_PIC = NO;
				GCC_NO_COMMON_BLOCKS = YES;
				GCC_OPTIMIZATION_LEVEL = 0;
				GCC_PREPROCESSOR_DEFINITIONS = (
					"DEBUG=1",
					"$(inherited)",
				);
				GCC_WARN_64_TO_32_BIT_CONVERSION = YES;
				GCC_WARN_ABOUT_RETURN_TYPE = YES_ERROR;
				GCC_WARN_UNDECLARED_SELECTOR = YES;
				GCC_WARN_UNINITIALIZED_AUTOS = YES_AGGRESSIVE;
				GCC_WARN_UNUSED_FUNCTION = YES;
				GCC_WARN_UNUSED_VARIABLE = YES;
				LOCALIZATION_PREFERS_STRING_CATALOGS = YES;
				MTL_ENABLE_DEBUG_INFO = INCLUDE_SOURCE;
				MTL_FAST_MATH = YES;
				ONLY_ACTIVE_ARCH = YES;
				SWIFT_ACTIVE_COMPILATION_CONDITIONS = "DEBUG $(inherited)";
				SWIFT_OPTIMIZATION_LEVEL = "-Onone";
			};
			name = Debug;
		};
		AC4BD00C2B0D22520070F1B8 /* Release */ = {
			isa = XCBuildConfiguration;
			buildSettings = {
				ALWAYS_SEARCH_USER_PATHS = NO;
				ASSETCATALOG_COMPILER_GENERATE_SWIFT_ASSET_SYMBOL_EXTENSIONS = YES;
				CLANG_ANALYZER_NONNULL = YES;
				CLANG_ANALYZER_NUMBER_OBJECT_CONVERSION = YES_AGGRESSIVE;
				CLANG_CXX_LANGUAGE_STANDARD = "gnu++20";
				CLANG_ENABLE_MODULES = YES;
				CLANG_ENABLE_OBJC_ARC = YES;
				CLANG_ENABLE_OBJC_WEAK = YES;
				CLANG_WARN_BLOCK_CAPTURE_AUTORELEASING = YES;
				CLANG_WARN_BOOL_CONVERSION = YES;
				CLANG_WARN_COMMA = YES;
				CLANG_WARN_CONSTANT_CONVERSION = YES;
				CLANG_WARN_DEPRECATED_OBJC_IMPLEMENTATIONS = YES;
				CLANG_WARN_DIRECT_OBJC_ISA_USAGE = YES_ERROR;
				CLANG_WARN_DOCUMENTATION_COMMENTS = YES;
				CLANG_WARN_EMPTY_BODY = YES;
				CLANG_WARN_ENUM_CONVERSION = YES;
				CLANG_WARN_INFINITE_RECURSION = YES;
				CLANG_WARN_INT_CONVERSION = YES;
				CLANG_WARN_NON_LITERAL_NULL_CONVERSION = YES;
				CLANG_WARN_OBJC_IMPLICIT_RETAIN_SELF = YES;
				CLANG_WARN_OBJC_LITERAL_CONVERSION = YES;
				CLANG_WARN_OBJC_ROOT_CLASS = YES_ERROR;
				CLANG_WARN_QUOTED_INCLUDE_IN_FRAMEWORK_HEADER = YES;
				CLANG_WARN_RANGE_LOOP_ANALYSIS = YES;
				CLANG_WARN_STRICT_PROTOTYPES = YES;
				CLANG_WARN_SUSPICIOUS_MOVE = YES;
				CLANG_WARN_UNGUARDED_AVAILABILITY = YES_AGGRESSIVE;
				CLANG_WARN_UNREACHABLE_CODE = YES;
				CLANG_WARN__DUPLICATE_METHOD_MATCH = YES;
				COPY_PHASE_STRIP = NO;
				DEBUG_INFORMATION_FORMAT = "dwarf-with-dsym";
				ENABLE_NS_ASSERTIONS = NO;
				ENABLE_STRICT_OBJC_MSGSEND = YES;
				ENABLE_USER_SCRIPT_SANDBOXING = YES;
				GCC_C_LANGUAGE_STANDARD = gnu17;
				GCC_NO_COMMON_BLOCKS = YES;
				GCC_WARN_64_TO_32_BIT_CONVERSION = YES;
				GCC_WARN_ABOUT_RETURN_TYPE = YES_ERROR;
				GCC_WARN_UNDECLARED_SELECTOR = YES;
				GCC_WARN_UNINITIALIZED_AUTOS = YES_AGGRESSIVE;
				GCC_WARN_UNUSED_FUNCTION = YES;
				GCC_WARN_UNUSED_VARIABLE = YES;
				LOCALIZATION_PREFERS_STRING_CATALOGS = YES;
				MTL_ENABLE_DEBUG_INFO = NO;
				MTL_FAST_MATH = YES;
				SWIFT_COMPILATION_MODE = wholemodule;
			};
			name = Release;
		};
		AC4BD00E2B0D22520070F1B8 /* Debug */ = {
			isa = XCBuildConfiguration;
			buildSettings = {
				ASSETCATALOG_COMPILER_APPICON_NAME = AppIcon;
				ASSETCATALOG_COMPILER_GLOBAL_ACCENT_COLOR_NAME = AccentColor;
				CODE_SIGN_ENTITLEMENTS = ThreadsClone/ThreadsClone.entitlements;
				CODE_SIGN_STYLE = Automatic;
				CURRENT_PROJECT_VERSION = 1;
				DEVELOPMENT_ASSET_PATHS = "\"ThreadsClone/Preview Content\"";
				DEVELOPMENT_TEAM = 4W4RHYDUCN;
				ENABLE_HARDENED_RUNTIME = YES;
				ENABLE_PREVIEWS = YES;
				GENERATE_INFOPLIST_FILE = YES;
				"INFOPLIST_KEY_UIApplicationSceneManifest_Generation[sdk=iphoneos*]" = YES;
				"INFOPLIST_KEY_UIApplicationSceneManifest_Generation[sdk=iphonesimulator*]" = YES;
				"INFOPLIST_KEY_UIApplicationSupportsIndirectInputEvents[sdk=iphoneos*]" = YES;
				"INFOPLIST_KEY_UIApplicationSupportsIndirectInputEvents[sdk=iphonesimulator*]" = YES;
				"INFOPLIST_KEY_UILaunchScreen_Generation[sdk=iphoneos*]" = YES;
				"INFOPLIST_KEY_UILaunchScreen_Generation[sdk=iphonesimulator*]" = YES;
				"INFOPLIST_KEY_UIStatusBarStyle[sdk=iphoneos*]" = UIStatusBarStyleDefault;
				"INFOPLIST_KEY_UIStatusBarStyle[sdk=iphonesimulator*]" = UIStatusBarStyleDefault;
				INFOPLIST_KEY_UISupportedInterfaceOrientations_iPad = "UIInterfaceOrientationPortrait UIInterfaceOrientationPortraitUpsideDown UIInterfaceOrientationLandscapeLeft UIInterfaceOrientationLandscapeRight";
				INFOPLIST_KEY_UISupportedInterfaceOrientations_iPhone = "UIInterfaceOrientationPortrait UIInterfaceOrientationLandscapeLeft UIInterfaceOrientationLandscapeRight";
				IPHONEOS_DEPLOYMENT_TARGET = 17.0;
				LD_RUNPATH_SEARCH_PATHS = "@executable_path/Frameworks";
				"LD_RUNPATH_SEARCH_PATHS[sdk=macosx*]" = "@executable_path/../Frameworks";
				MACOSX_DEPLOYMENT_TARGET = 14.0;
				MARKETING_VERSION = 1.0;
				PRODUCT_BUNDLE_IDENTIFIER = me.ThreadsClone;
				PRODUCT_NAME = "$(TARGET_NAME)";
				SDKROOT = auto;
				SUPPORTED_PLATFORMS = "iphoneos iphonesimulator macosx";
				SWIFT_EMIT_LOC_STRINGS = YES;
				SWIFT_VERSION = 5.0;
				TARGETED_DEVICE_FAMILY = "1,2";
			};
			name = Debug;
		};
		AC4BD00F2B0D22520070F1B8 /* Release */ = {
			isa = XCBuildConfiguration;
			buildSettings = {
				ASSETCATALOG_COMPILER_APPICON_NAME = AppIcon;
				ASSETCATALOG_COMPILER_GLOBAL_ACCENT_COLOR_NAME = AccentColor;
				CODE_SIGN_ENTITLEMENTS = ThreadsClone/ThreadsClone.entitlements;
				CODE_SIGN_STYLE = Automatic;
				CURRENT_PROJECT_VERSION = 1;
				DEVELOPMENT_ASSET_PATHS = "\"ThreadsClone/Preview Content\"";
				DEVELOPMENT_TEAM = 4W4RHYDUCN;
				ENABLE_HARDENED_RUNTIME = YES;
				ENABLE_PREVIEWS = YES;
				GENERATE_INFOPLIST_FILE = YES;
				"INFOPLIST_KEY_UIApplicationSceneManifest_Generation[sdk=iphoneos*]" = YES;
				"INFOPLIST_KEY_UIApplicationSceneManifest_Generation[sdk=iphonesimulator*]" = YES;
				"INFOPLIST_KEY_UIApplicationSupportsIndirectInputEvents[sdk=iphoneos*]" = YES;
				"INFOPLIST_KEY_UIApplicationSupportsIndirectInputEvents[sdk=iphonesimulator*]" = YES;
				"INFOPLIST_KEY_UILaunchScreen_Generation[sdk=iphoneos*]" = YES;
				"INFOPLIST_KEY_UILaunchScreen_Generation[sdk=iphonesimulator*]" = YES;
				"INFOPLIST_KEY_UIStatusBarStyle[sdk=iphoneos*]" = UIStatusBarStyleDefault;
				"INFOPLIST_KEY_UIStatusBarStyle[sdk=iphonesimulator*]" = UIStatusBarStyleDefault;
				INFOPLIST_KEY_UISupportedInterfaceOrientations_iPad = "UIInterfaceOrientationPortrait UIInterfaceOrientationPortraitUpsideDown UIInterfaceOrientationLandscapeLeft UIInterfaceOrientationLandscapeRight";
				INFOPLIST_KEY_UISupportedInterfaceOrientations_iPhone = "UIInterfaceOrientationPortrait UIInterfaceOrientationLandscapeLeft UIInterfaceOrientationLandscapeRight";
				IPHONEOS_DEPLOYMENT_TARGET = 17.0;
				LD_RUNPATH_SEARCH_PATHS = "@executable_path/Frameworks";
				"LD_RUNPATH_SEARCH_PATHS[sdk=macosx*]" = "@executable_path/../Frameworks";
				MACOSX_DEPLOYMENT_TARGET = 14.0;
				MARKETING_VERSION = 1.0;
				PRODUCT_BUNDLE_IDENTIFIER = me.ThreadsClone;
				PRODUCT_NAME = "$(TARGET_NAME)";
				SDKROOT = auto;
				SUPPORTED_PLATFORMS = "iphoneos iphonesimulator macosx";
				SWIFT_EMIT_LOC_STRINGS = YES;
				SWIFT_VERSION = 5.0;
				TARGETED_DEVICE_FAMILY = "1,2";
			};
			name = Release;
		};
/* End XCBuildConfiguration section */

/* Begin XCConfigurationList section */
		AC4BCFF92B0D22510070F1B8 /* Build configuration list for PBXProject "ThreadsClone" */ = {
			isa = XCConfigurationList;
			buildConfigurations = (
				AC4BD00B2B0D22520070F1B8 /* Debug */,
				AC4BD00C2B0D22520070F1B8 /* Release */,
			);
			defaultConfigurationIsVisible = 0;
			defaultConfigurationName = Release;
		};
		AC4BD00D2B0D22520070F1B8 /* Build configuration list for PBXNativeTarget "ThreadsClone" */ = {
			isa = XCConfigurationList;
			buildConfigurations = (
				AC4BD00E2B0D22520070F1B8 /* Debug */,
				AC4BD00F2B0D22520070F1B8 /* Release */,
			);
			defaultConfigurationIsVisible = 0;
			defaultConfigurationName = Release;
		};
/* End XCConfigurationList section */

/* Begin XCRemoteSwiftPackageReference section */
		AC042AE32B275B97003A0A70 /* XCRemoteSwiftPackageReference "firebase-ios-sdk" */ = {
			isa = XCRemoteSwiftPackageReference;
			repositoryURL = "https://github.com/firebase/firebase-ios-sdk";
			requirement = {
				kind = upToNextMajorVersion;
				minimumVersion = 10.19.0;
			};
		};
		AC54B5452B34CA2500F88D46 /* XCRemoteSwiftPackageReference "Kingfisher" */ = {
			isa = XCRemoteSwiftPackageReference;
			repositoryURL = "https://github.com/onevcat/Kingfisher";
			requirement = {
				kind = upToNextMajorVersion;
				minimumVersion = 7.10.1;
			};
		};
/* End XCRemoteSwiftPackageReference section */

/* Begin XCSwiftPackageProductDependency section */
		AC042AE42B275B97003A0A70 /* FirebaseAnalytics */ = {
			isa = XCSwiftPackageProductDependency;
			package = AC042AE32B275B97003A0A70 /* XCRemoteSwiftPackageReference "firebase-ios-sdk" */;
			productName = FirebaseAnalytics;
		};
		AC042AE62B275B97003A0A70 /* FirebaseAnalyticsOnDeviceConversion */ = {
			isa = XCSwiftPackageProductDependency;
			package = AC042AE32B275B97003A0A70 /* XCRemoteSwiftPackageReference "firebase-ios-sdk" */;
			productName = FirebaseAnalyticsOnDeviceConversion;
		};
		AC042AE82B275B97003A0A70 /* FirebaseAnalyticsSwift */ = {
			isa = XCSwiftPackageProductDependency;
			package = AC042AE32B275B97003A0A70 /* XCRemoteSwiftPackageReference "firebase-ios-sdk" */;
			productName = FirebaseAnalyticsSwift;
		};
		AC042AEA2B275B97003A0A70 /* FirebaseAnalyticsWithoutAdIdSupport */ = {
			isa = XCSwiftPackageProductDependency;
			package = AC042AE32B275B97003A0A70 /* XCRemoteSwiftPackageReference "firebase-ios-sdk" */;
			productName = FirebaseAnalyticsWithoutAdIdSupport;
		};
		AC042AEC2B275B97003A0A70 /* FirebaseAppCheck */ = {
			isa = XCSwiftPackageProductDependency;
			package = AC042AE32B275B97003A0A70 /* XCRemoteSwiftPackageReference "firebase-ios-sdk" */;
			productName = FirebaseAppCheck;
		};
		AC042AEE2B275B97003A0A70 /* FirebaseAppDistribution-Beta */ = {
			isa = XCSwiftPackageProductDependency;
			package = AC042AE32B275B97003A0A70 /* XCRemoteSwiftPackageReference "firebase-ios-sdk" */;
			productName = "FirebaseAppDistribution-Beta";
		};
		AC042AF02B275B97003A0A70 /* FirebaseAuth */ = {
			isa = XCSwiftPackageProductDependency;
			package = AC042AE32B275B97003A0A70 /* XCRemoteSwiftPackageReference "firebase-ios-sdk" */;
			productName = FirebaseAuth;
		};
		AC042AF22B275B97003A0A70 /* FirebaseAuthCombine-Community */ = {
			isa = XCSwiftPackageProductDependency;
			package = AC042AE32B275B97003A0A70 /* XCRemoteSwiftPackageReference "firebase-ios-sdk" */;
			productName = "FirebaseAuthCombine-Community";
		};
		AC042AF42B275B97003A0A70 /* FirebaseCrashlytics */ = {
			isa = XCSwiftPackageProductDependency;
			package = AC042AE32B275B97003A0A70 /* XCRemoteSwiftPackageReference "firebase-ios-sdk" */;
			productName = FirebaseCrashlytics;
		};
		AC042AF62B275B97003A0A70 /* FirebaseDatabase */ = {
			isa = XCSwiftPackageProductDependency;
			package = AC042AE32B275B97003A0A70 /* XCRemoteSwiftPackageReference "firebase-ios-sdk" */;
			productName = FirebaseDatabase;
		};
		AC042AF82B275B97003A0A70 /* FirebaseDatabaseSwift */ = {
			isa = XCSwiftPackageProductDependency;
			package = AC042AE32B275B97003A0A70 /* XCRemoteSwiftPackageReference "firebase-ios-sdk" */;
			productName = FirebaseDatabaseSwift;
		};
		AC042AFA2B275B97003A0A70 /* FirebaseDynamicLinks */ = {
			isa = XCSwiftPackageProductDependency;
			package = AC042AE32B275B97003A0A70 /* XCRemoteSwiftPackageReference "firebase-ios-sdk" */;
			productName = FirebaseDynamicLinks;
		};
		AC042AFC2B275B97003A0A70 /* FirebaseFirestore */ = {
			isa = XCSwiftPackageProductDependency;
			package = AC042AE32B275B97003A0A70 /* XCRemoteSwiftPackageReference "firebase-ios-sdk" */;
			productName = FirebaseFirestore;
		};
		AC042AFE2B275B97003A0A70 /* FirebaseFirestoreCombine-Community */ = {
			isa = XCSwiftPackageProductDependency;
			package = AC042AE32B275B97003A0A70 /* XCRemoteSwiftPackageReference "firebase-ios-sdk" */;
			productName = "FirebaseFirestoreCombine-Community";
		};
		AC042B002B275B97003A0A70 /* FirebaseFirestoreSwift */ = {
			isa = XCSwiftPackageProductDependency;
			package = AC042AE32B275B97003A0A70 /* XCRemoteSwiftPackageReference "firebase-ios-sdk" */;
			productName = FirebaseFirestoreSwift;
		};
		AC042B022B275B97003A0A70 /* FirebaseFunctions */ = {
			isa = XCSwiftPackageProductDependency;
			package = AC042AE32B275B97003A0A70 /* XCRemoteSwiftPackageReference "firebase-ios-sdk" */;
			productName = FirebaseFunctions;
		};
		AC042B042B275B97003A0A70 /* FirebaseFunctionsCombine-Community */ = {
			isa = XCSwiftPackageProductDependency;
			package = AC042AE32B275B97003A0A70 /* XCRemoteSwiftPackageReference "firebase-ios-sdk" */;
			productName = "FirebaseFunctionsCombine-Community";
		};
		AC042B062B275B97003A0A70 /* FirebaseInAppMessaging-Beta */ = {
			isa = XCSwiftPackageProductDependency;
			package = AC042AE32B275B97003A0A70 /* XCRemoteSwiftPackageReference "firebase-ios-sdk" */;
			productName = "FirebaseInAppMessaging-Beta";
		};
		AC042B082B275B97003A0A70 /* FirebaseInAppMessagingSwift-Beta */ = {
			isa = XCSwiftPackageProductDependency;
			package = AC042AE32B275B97003A0A70 /* XCRemoteSwiftPackageReference "firebase-ios-sdk" */;
			productName = "FirebaseInAppMessagingSwift-Beta";
		};
		AC042B0A2B275B97003A0A70 /* FirebaseInstallations */ = {
			isa = XCSwiftPackageProductDependency;
			package = AC042AE32B275B97003A0A70 /* XCRemoteSwiftPackageReference "firebase-ios-sdk" */;
			productName = FirebaseInstallations;
		};
		AC042B0C2B275B97003A0A70 /* FirebaseMLModelDownloader */ = {
			isa = XCSwiftPackageProductDependency;
			package = AC042AE32B275B97003A0A70 /* XCRemoteSwiftPackageReference "firebase-ios-sdk" */;
			productName = FirebaseMLModelDownloader;
		};
		AC042B0E2B275B97003A0A70 /* FirebaseMessaging */ = {
			isa = XCSwiftPackageProductDependency;
			package = AC042AE32B275B97003A0A70 /* XCRemoteSwiftPackageReference "firebase-ios-sdk" */;
			productName = FirebaseMessaging;
		};
		AC042B102B275B97003A0A70 /* FirebasePerformance */ = {
			isa = XCSwiftPackageProductDependency;
			package = AC042AE32B275B97003A0A70 /* XCRemoteSwiftPackageReference "firebase-ios-sdk" */;
			productName = FirebasePerformance;
		};
		AC042B122B275B97003A0A70 /* FirebaseRemoteConfig */ = {
			isa = XCSwiftPackageProductDependency;
			package = AC042AE32B275B97003A0A70 /* XCRemoteSwiftPackageReference "firebase-ios-sdk" */;
			productName = FirebaseRemoteConfig;
		};
		AC042B142B275B97003A0A70 /* FirebaseRemoteConfigSwift */ = {
			isa = XCSwiftPackageProductDependency;
			package = AC042AE32B275B97003A0A70 /* XCRemoteSwiftPackageReference "firebase-ios-sdk" */;
			productName = FirebaseRemoteConfigSwift;
		};
		AC042B162B275B97003A0A70 /* FirebaseStorage */ = {
			isa = XCSwiftPackageProductDependency;
			package = AC042AE32B275B97003A0A70 /* XCRemoteSwiftPackageReference "firebase-ios-sdk" */;
			productName = FirebaseStorage;
		};
		AC042B182B275B97003A0A70 /* FirebaseStorageCombine-Community */ = {
			isa = XCSwiftPackageProductDependency;
			package = AC042AE32B275B97003A0A70 /* XCRemoteSwiftPackageReference "firebase-ios-sdk" */;
			productName = "FirebaseStorageCombine-Community";
		};
		AC54B5462B34CA2500F88D46 /* Kingfisher */ = {
			isa = XCSwiftPackageProductDependency;
			package = AC54B5452B34CA2500F88D46 /* XCRemoteSwiftPackageReference "Kingfisher" */;
			productName = Kingfisher;
		};
/* End XCSwiftPackageProductDependency section */
	};
	rootObject = AC4BCFF62B0D22510070F1B8 /* Project object */;
}
